
Microsoft Visual Studio Solution File, Format Version 12.00
# Visual Studio 2012
Project("{FAE04EC0-301F-11D3-BF4B-00C04F79EFBC}") = "Spotify", "Spotify\Spotify.csproj", "{D5649883-5E7C-4C1F-8F17-60492F0DA9E6}"
EndProject
Project("{FAE04EC0-301F-11D3-BF4B-00C04F79EFBC}") = "SpotifyRead", "SpotifyRead\SpotifyRead.csproj", "{A6604629-FC31-4434-AC3C-5F61662FD1DA}"
EndProject
Global
	GlobalSection(SolutionConfigurationPlatforms) = preSolution
		Debug|Any CPU = Debug|Any CPU
		Release|Any CPU = Release|Any CPU
	EndGlobalSection
	GlobalSection(ProjectConfigurationPlatforms) = postSolution
		{D5649883-5E7C-4C1F-8F17-60492F0DA9E6}.Debug|Any CPU.ActiveCfg = Debug|Any CPU
		{D5649883-5E7C-4C1F-8F17-60492F0DA9E6}.Debug|Any CPU.Build.0 = Debug|Any CPU
		{D5649883-5E7C-4C1F-8F17-60492F0DA9E6}.Release|Any CPU.ActiveCfg = Release|Any CPU
		{D5649883-5E7C-4C1F-8F17-60492F0DA9E6}.Release|Any CPU.Build.0 = Release|Any CPU
		{A6604629-FC31-4434-AC3C-5F61662FD1DA}.Debug|Any CPU.ActiveCfg = Debug|Any CPU
		{A6604629-FC31-4434-AC3C-5F61662FD1DA}.Debug|Any CPU.Build.0 = Debug|Any CPU
		{A6604629-FC31-4434-AC3C-5F61662FD1DA}.Release|Any CPU.ActiveCfg = Release|Any CPU
		{A6604629-FC31-4434-AC3C-5F61662FD1DA}.Release|Any CPU.Build.0 = Release|Any CPU
	EndGlobalSection
	GlobalSection(SolutionProperties) = preSolution
		HideSolutionNode = FALSE
	EndGlobalSection
EndGlobal
